
Microsoft Visual Studio Solution File, Format Version 12.00
# Visual Studio Version 17
VisualStudioVersion = 17.7.34009.444
MinimumVisualStudioVersion = 10.0.40219.1
Project("{888888A0-9F3D-457C-B088-3A5042F75D52}") = "Hackathon2023", "Hackathon2023.pyproj", "{EBF4EC96-58C1-4BBD-AD79-6C0ED7774969}"
EndProject
Global
	GlobalSection(SolutionConfigurationPlatforms) = preSolution
		Debug|Any CPU = Debug|Any CPU
		Release|Any CPU = Release|Any CPU
	EndGlobalSection
	GlobalSection(ProjectConfigurationPlatforms) = postSolution
		{EBF4EC96-58C1-4BBD-AD79-6C0ED7774969}.Debug|Any CPU.ActiveCfg = Debug|Any CPU
		{EBF4EC96-58C1-4BBD-AD79-6C0ED7774969}.Release|Any CPU.ActiveCfg = Release|Any CPU
	EndGlobalSection
	GlobalSection(SolutionProperties) = preSolution
		HideSolutionNode = FALSE
	EndGlobalSection
	GlobalSection(ExtensibilityGlobals) = postSolution
		SolutionGuid = {6A5BF450-54B9-4EC5-ADFD-818E19CFE2D3}
	EndGlobalSection
EndGlobal
